
Microsoft Visual Studio Solution File, Format Version 12.00
# Visual Studio Version 17
VisualStudioVersion = 17.5.33502.453
MinimumVisualStudioVersion = 10.0.40219.1
Project("{FAE04EC0-301F-11D3-BF4B-00C04F79EFBC}") = "WebUsingDapper", "WebUsingDapper\WebUsingDapper.csproj", "{A6D66E0E-D2E8-4519-8E92-30B0E2E35D37}"
EndProject
Global
	GlobalSection(SolutionConfigurationPlatforms) = preSolution
		Debug|Any CPU = Debug|Any CPU
		Release|Any CPU = Release|Any CPU
	EndGlobalSection
	GlobalSection(ProjectConfigurationPlatforms) = postSolution
		{A6D66E0E-D2E8-4519-8E92-30B0E2E35D37}.Debug|Any CPU.ActiveCfg = Debug|Any CPU
		{A6D66E0E-D2E8-4519-8E92-30B0E2E35D37}.Debug|Any CPU.Build.0 = Debug|Any CPU
		{A6D66E0E-D2E8-4519-8E92-30B0E2E35D37}.Release|Any CPU.ActiveCfg = Release|Any CPU
		{A6D66E0E-D2E8-4519-8E92-30B0E2E35D37}.Release|Any CPU.Build.0 = Release|Any CPU
	EndGlobalSection
	GlobalSection(SolutionProperties) = preSolution
		HideSolutionNode = FALSE
	EndGlobalSection
	GlobalSection(ExtensibilityGlobals) = postSolution
		SolutionGuid = {895161D4-CAB2-48C0-AC2C-105B1C7A829A}
	EndGlobalSection
EndGlobal
